
Microsoft Visual Studio Solution File, Format Version 12.00
# Visual Studio 14
VisualStudioVersion = 14.0.25420.1
MinimumVisualStudioVersion = 10.0.40219.1
Project("{FAE04EC0-301F-11D3-BF4B-00C04F79EFBC}") = "EnigmaSharp", "EnigmaSharp\EnigmaSharp.csproj", "{A260961E-B0AB-4703-8ACF-07F7C6C0BD1A}"
	ProjectSection(ProjectDependencies) = postProject
		{F0EE9526-C129-45AD-B898-3535D7F0E871} = {F0EE9526-C129-45AD-B898-3535D7F0E871}
	EndProjectSection
EndProject
Project("{FAE04EC0-301F-11D3-BF4B-00C04F79EFBC}") = "HighlightDataGenerator", "HighlightDataGenerator\HighlightDataGenerator.csproj", "{F0EE9526-C129-45AD-B898-3535D7F0E871}"
EndProject
Global
	GlobalSection(SolutionConfigurationPlatforms) = preSolution
		Debug|Any CPU = Debug|Any CPU
		Debug|x64 = Debug|x64
		Debug|x86 = Debug|x86
		Release|Any CPU = Release|Any CPU
		Release|x64 = Release|x64
		Release|x86 = Release|x86
	EndGlobalSection
	GlobalSection(ProjectConfigurationPlatforms) = postSolution
		{A260961E-B0AB-4703-8ACF-07F7C6C0BD1A}.Debug|Any CPU.ActiveCfg = Debug|Any CPU
		{A260961E-B0AB-4703-8ACF-07F7C6C0BD1A}.Debug|Any CPU.Build.0 = Debug|Any CPU
		{A260961E-B0AB-4703-8ACF-07F7C6C0BD1A}.Debug|x64.ActiveCfg = Debug|Any CPU
		{A260961E-B0AB-4703-8ACF-07F7C6C0BD1A}.Debug|x64.Build.0 = Debug|Any CPU
		{A260961E-B0AB-4703-8ACF-07F7C6C0BD1A}.Debug|x86.ActiveCfg = Debug|Any CPU
		{A260961E-B0AB-4703-8ACF-07F7C6C0BD1A}.Debug|x86.Build.0 = Debug|Any CPU
		{A260961E-B0AB-4703-8ACF-07F7C6C0BD1A}.Release|Any CPU.ActiveCfg = Release|Any CPU
		{A260961E-B0AB-4703-8ACF-07F7C6C0BD1A}.Release|Any CPU.Build.0 = Release|Any CPU
		{A260961E-B0AB-4703-8ACF-07F7C6C0BD1A}.Release|x64.ActiveCfg = Release|Any CPU
		{A260961E-B0AB-4703-8ACF-07F7C6C0BD1A}.Release|x64.Build.0 = Release|Any CPU
		{A260961E-B0AB-4703-8ACF-07F7C6C0BD1A}.Release|x86.ActiveCfg = Release|Any CPU
		{A260961E-B0AB-4703-8ACF-07F7C6C0BD1A}.Release|x86.Build.0 = Release|Any CPU
		{F0EE9526-C129-45AD-B898-3535D7F0E871}.Debug|Any CPU.ActiveCfg = Debug|Any CPU
		{F0EE9526-C129-45AD-B898-3535D7F0E871}.Debug|Any CPU.Build.0 = Debug|Any CPU
		{F0EE9526-C129-45AD-B898-3535D7F0E871}.Debug|x64.ActiveCfg = Debug|Any CPU
		{F0EE9526-C129-45AD-B898-3535D7F0E871}.Debug|x64.Build.0 = Debug|Any CPU
		{F0EE9526-C129-45AD-B898-3535D7F0E871}.Debug|x86.ActiveCfg = Debug|Any CPU
		{F0EE9526-C129-45AD-B898-3535D7F0E871}.Debug|x86.Build.0 = Debug|Any CPU
		{F0EE9526-C129-45AD-B898-3535D7F0E871}.Release|Any CPU.ActiveCfg = Release|Any CPU
		{F0EE9526-C129-45AD-B898-3535D7F0E871}.Release|Any CPU.Build.0 = Release|Any CPU
		{F0EE9526-C129-45AD-B898-3535D7F0E871}.Release|x64.ActiveCfg = Release|Any CPU
		{F0EE9526-C129-45AD-B898-3535D7F0E871}.Release|x64.Build.0 = Release|Any CPU
		{F0EE9526-C129-45AD-B898-3535D7F0E871}.Release|x86.ActiveCfg = Release|Any CPU
		{F0EE9526-C129-45AD-B898-3535D7F0E871}.Release|x86.Build.0 = Release|Any CPU
	EndGlobalSection
	GlobalSection(SolutionProperties) = preSolution
		HideSolutionNode = FALSE
	EndGlobalSection
EndGlobal
